
Microsoft Visual Studio Solution File, Format Version 12.00
# Visual Studio Version 17
VisualStudioVersion = 17.4.33213.308
MinimumVisualStudioVersion = 10.0.40219.1
Project("{FAE04EC0-301F-11D3-BF4B-00C04F79EFBC}") = "PatronMemento", "PatronMemento.csproj", "{BC81A595-26EC-4125-A1FE-551964C77A22}"
EndProject
Global
	GlobalSection(SolutionConfigurationPlatforms) = preSolution
		Debug|Any CPU = Debug|Any CPU
		Release|Any CPU = Release|Any CPU
	EndGlobalSection
	GlobalSection(ProjectConfigurationPlatforms) = postSolution
		{BC81A595-26EC-4125-A1FE-551964C77A22}.Debug|Any CPU.ActiveCfg = Debug|Any CPU
		{BC81A595-26EC-4125-A1FE-551964C77A22}.Debug|Any CPU.Build.0 = Debug|Any CPU
		{BC81A595-26EC-4125-A1FE-551964C77A22}.Release|Any CPU.ActiveCfg = Release|Any CPU
		{BC81A595-26EC-4125-A1FE-551964C77A22}.Release|Any CPU.Build.0 = Release|Any CPU
	EndGlobalSection
	GlobalSection(SolutionProperties) = preSolution
		HideSolutionNode = FALSE
	EndGlobalSection
	GlobalSection(ExtensibilityGlobals) = postSolution
		SolutionGuid = {212A9E15-B0B8-489E-BADB-1E8BBCCF8238}
	EndGlobalSection
EndGlobal
